
Microsoft Visual Studio Solution File, Format Version 12.00
# Visual Studio Version 17
VisualStudioVersion = 17.9.34622.214
MinimumVisualStudioVersion = 10.0.40219.1
Project("{FAE04EC0-301F-11D3-BF4B-00C04F79EFBC}") = "CLUserManagementAPI", "CLUserManagementAPI\CLUserManagementAPI.csproj", "{FE083295-40B5-40A8-A403-64AF79448BA5}"
EndProject
Project("{FAE04EC0-301F-11D3-BF4B-00C04F79EFBC}") = "CLUnitTest", "CLUnitTest\CLUnitTest.csproj", "{7F290313-FB00-48A7-8FAD-2F959B6F44E3}"
EndProject
Global
	GlobalSection(SolutionConfigurationPlatforms) = preSolution
		Debug|Any CPU = Debug|Any CPU
		Release|Any CPU = Release|Any CPU
	EndGlobalSection
	GlobalSection(ProjectConfigurationPlatforms) = postSolution
		{FE083295-40B5-40A8-A403-64AF79448BA5}.Debug|Any CPU.ActiveCfg = Debug|Any CPU
		{FE083295-40B5-40A8-A403-64AF79448BA5}.Debug|Any CPU.Build.0 = Debug|Any CPU
		{FE083295-40B5-40A8-A403-64AF79448BA5}.Release|Any CPU.ActiveCfg = Release|Any CPU
		{FE083295-40B5-40A8-A403-64AF79448BA5}.Release|Any CPU.Build.0 = Release|Any CPU
		{7F290313-FB00-48A7-8FAD-2F959B6F44E3}.Debug|Any CPU.ActiveCfg = Debug|Any CPU
		{7F290313-FB00-48A7-8FAD-2F959B6F44E3}.Debug|Any CPU.Build.0 = Debug|Any CPU
		{7F290313-FB00-48A7-8FAD-2F959B6F44E3}.Release|Any CPU.ActiveCfg = Release|Any CPU
		{7F290313-FB00-48A7-8FAD-2F959B6F44E3}.Release|Any CPU.Build.0 = Release|Any CPU
	EndGlobalSection
	GlobalSection(SolutionProperties) = preSolution
		HideSolutionNode = FALSE
	EndGlobalSection
	GlobalSection(ExtensibilityGlobals) = postSolution
		SolutionGuid = {3B5B7051-C3CB-4EF6-8B62-56A7D79FF97E}
	EndGlobalSection
EndGlobal
